{
  "version": 4,
  "terraform_version": "1.0.4",
  "serial": 1,
  "lineage": "abc98d18-d9cd-fb33-5363-8fa48a38c538",
  "outputs": {},
  "resources": [
    {
      "mode": "managed",
      "type": "aws_s3_bucket",
      "name": "juancsr-terraform-backend",
      "provider": "provider[\"registry.terraform.io/hashicorp/aws\"]",
      "instances": [
        {
          "schema_version": 0,
          "attributes": {
            "acceleration_status": "",
            "acl": "private",
            "arn": "arn:aws:s3:::backend-terraform-juancsr",
            "bucket": "backend-terraform-juancsr",
            "bucket_domain_name": "backend-terraform-juancsr.s3.amazonaws.com",
            "bucket_prefix": null,
            "bucket_regional_domain_name": "backend-terraform-juancsr.s3.us-east-2.amazonaws.com",
            "cors_rule": [],
            "force_destroy": false,
            "grant": [],
            "hosted_zone_id": "Z2O1EMRO9K5GLX",
            "id": "backend-terraform-juancsr",
            "lifecycle_rule": [],
            "logging": [],
            "object_lock_configuration": [],
            "policy": null,
            "region": "us-east-2",
            "replication_configuration": [],
            "request_payer": "BucketOwner",
            "server_side_encryption_configuration": [],
            "tags": {
              "CreatedBy": "terraform",
              "Environment": "Dev",
              "Name": "terraform-backend"
            },
            "tags_all": {
              "CreatedBy": "terraform",
              "Environment": "Dev",
              "Name": "terraform-backend"
            },
            "versioning": [
              {
                "enabled": false,
                "mfa_delete": false
              }
            ],
            "website": [],
            "website_domain": null,
            "website_endpoint": null
          },
          "sensitive_attributes": [],
          "private": "bnVsbA=="
        }
      ]
    }
  ]
}
